
Microsoft Visual Studio Solution File, Format Version 12.00
# Visual Studio Version 17
VisualStudioVersion = 17.7.34031.279
MinimumVisualStudioVersion = 10.0.40219.1
Project("{8BC9CEB8-8B4A-11D0-8D11-00A0C91BC942}") = "lab5.3.sophia", "lab5.3.sophia.vcxproj", "{17B87B39-4463-45B0-B278-1CED0ADFB4E8}"
EndProject
Project("{8BC9CEB8-8B4A-11D0-8D11-00A0C91BC942}") = "UnitTest1", "..\UnitTest1\UnitTest1.vcxproj", "{9180AA24-0A4D-420C-88CD-604BDE1FA542}"
EndProject
Global
	GlobalSection(SolutionConfigurationPlatforms) = preSolution
		Debug|x64 = Debug|x64
		Debug|x86 = Debug|x86
		Release|x64 = Release|x64
		Release|x86 = Release|x86
	EndGlobalSection
	GlobalSection(ProjectConfigurationPlatforms) = postSolution
		{17B87B39-4463-45B0-B278-1CED0ADFB4E8}.Debug|x64.ActiveCfg = Debug|x64
		{17B87B39-4463-45B0-B278-1CED0ADFB4E8}.Debug|x64.Build.0 = Debug|x64
		{17B87B39-4463-45B0-B278-1CED0ADFB4E8}.Debug|x86.ActiveCfg = Debug|Win32
		{17B87B39-4463-45B0-B278-1CED0ADFB4E8}.Debug|x86.Build.0 = Debug|Win32
		{17B87B39-4463-45B0-B278-1CED0ADFB4E8}.Release|x64.ActiveCfg = Release|x64
		{17B87B39-4463-45B0-B278-1CED0ADFB4E8}.Release|x64.Build.0 = Release|x64
		{17B87B39-4463-45B0-B278-1CED0ADFB4E8}.Release|x86.ActiveCfg = Release|Win32
		{17B87B39-4463-45B0-B278-1CED0ADFB4E8}.Release|x86.Build.0 = Release|Win32
		{9180AA24-0A4D-420C-88CD-604BDE1FA542}.Debug|x64.ActiveCfg = Debug|x64
		{9180AA24-0A4D-420C-88CD-604BDE1FA542}.Debug|x64.Build.0 = Debug|x64
		{9180AA24-0A4D-420C-88CD-604BDE1FA542}.Debug|x86.ActiveCfg = Debug|Win32
		{9180AA24-0A4D-420C-88CD-604BDE1FA542}.Debug|x86.Build.0 = Debug|Win32
		{9180AA24-0A4D-420C-88CD-604BDE1FA542}.Release|x64.ActiveCfg = Release|x64
		{9180AA24-0A4D-420C-88CD-604BDE1FA542}.Release|x64.Build.0 = Release|x64
		{9180AA24-0A4D-420C-88CD-604BDE1FA542}.Release|x86.ActiveCfg = Release|Win32
		{9180AA24-0A4D-420C-88CD-604BDE1FA542}.Release|x86.Build.0 = Release|Win32
	EndGlobalSection
	GlobalSection(SolutionProperties) = preSolution
		HideSolutionNode = FALSE
	EndGlobalSection
	GlobalSection(ExtensibilityGlobals) = postSolution
		SolutionGuid = {1B1F3039-A0A1-48B6-8F5B-EE20040AE86E}
	EndGlobalSection
EndGlobal
